
Microsoft Visual Studio Solution File, Format Version 12.00
# Visual Studio Version 16
VisualStudioVersion = 16.0.29609.76
MinimumVisualStudioVersion = 10.0.40219.1
Project("{FAE04EC0-301F-11D3-BF4B-00C04F79EFBC}") = "RiverWarePlugin", "RiverWarePlugin.csproj", "{95197C2F-EFBA-427E-853F-B75E5E5E01EB}"
EndProject
Global
	GlobalSection(SolutionConfigurationPlatforms) = preSolution
		Debug|Any CPU = Debug|Any CPU
		Release|Any CPU = Release|Any CPU
	EndGlobalSection
	GlobalSection(ProjectConfigurationPlatforms) = postSolution
		{95197C2F-EFBA-427E-853F-B75E5E5E01EB}.Debug|Any CPU.ActiveCfg = Debug|Any CPU
		{95197C2F-EFBA-427E-853F-B75E5E5E01EB}.Debug|Any CPU.Build.0 = Debug|Any CPU
		{95197C2F-EFBA-427E-853F-B75E5E5E01EB}.Release|Any CPU.ActiveCfg = Release|Any CPU
		{95197C2F-EFBA-427E-853F-B75E5E5E01EB}.Release|Any CPU.Build.0 = Release|Any CPU
	EndGlobalSection
	GlobalSection(SolutionProperties) = preSolution
		HideSolutionNode = FALSE
	EndGlobalSection
	GlobalSection(ExtensibilityGlobals) = postSolution
		SolutionGuid = {F2C45D80-8205-4DDE-ABC9-E4FEEC2129DF}
	EndGlobalSection
EndGlobal
